
Microsoft Visual Studio Solution File, Format Version 12.00
# Visual Studio Version 17
VisualStudioVersion = 17.5.002.0
MinimumVisualStudioVersion = 10.0.40219.1
Project("{9A19103F-16F7-4668-BE54-9A1E7A4F7556}") = "api", "api\api.csproj", "{57852897-96C7-47CD-8241-594C0E8BCE73}"
EndProject
Global
	GlobalSection(SolutionConfigurationPlatforms) = preSolution
		Debug|Any CPU = Debug|Any CPU
		Release|Any CPU = Release|Any CPU
	EndGlobalSection
	GlobalSection(ProjectConfigurationPlatforms) = postSolution
		{57852897-96C7-47CD-8241-594C0E8BCE73}.Debug|Any CPU.ActiveCfg = Debug|Any CPU
		{57852897-96C7-47CD-8241-594C0E8BCE73}.Debug|Any CPU.Build.0 = Debug|Any CPU
		{57852897-96C7-47CD-8241-594C0E8BCE73}.Release|Any CPU.ActiveCfg = Release|Any CPU
		{57852897-96C7-47CD-8241-594C0E8BCE73}.Release|Any CPU.Build.0 = Release|Any CPU
	EndGlobalSection
	GlobalSection(SolutionProperties) = preSolution
		HideSolutionNode = FALSE
	EndGlobalSection
	GlobalSection(ExtensibilityGlobals) = postSolution
		SolutionGuid = {27FA864A-F01D-4D17-9A1D-36DA4B3812A8}
	EndGlobalSection
EndGlobal
